{
  "name": "antd",
  "version": "0.1.0",
  "lockfileVersion": 1,
  "requires": true,
  "dependencies": {
    "@antv/data-set": {
      "version": "0.8.5",
      "resolved": "https://registry.npmjs.org/@antv/data-set/-/data-set-0.8.5.tgz",
      "integrity": "sha512-De/MZxmKGTKZdI4UnlRmnEuNeW83bo8dVGnzvHOI2sw0eARuPJPR+aNL8w2Jg376p1LlcZA0/UHVgB2j1xXLlA==",
      "requires": {
        "d3-array": "1.2.1",
        "d3-composite-projections": "1.2.0",
        "d3-dsv": "1.0.8",
        "d3-geo": "1.6.4",
        "d3-geo-projection": "2.1.2",
        "d3-hexjson": "1.0.1",
        "d3-hierarchy": "1.1.5",
        "d3-sankey": "0.7.1",
        "d3-voronoi": "1.1.2",
        "lodash": "4.17.5",
        "point-at-length": "1.0.2",
        "regression": "2.0.1",
        "simple-statistics": "4.1.1",
        "topojson-client": "3.0.0",
        "wolfy87-eventemitter": "5.1.0"
      },
      "dependencies": {
        "wolfy87-eventemitter": {
          "version": "5.1.0",
          "resolved": "https://registry.npmjs.org/wolfy87-eventemitter/-/wolfy87-eventemitter-5.1.0.tgz",
          "integrity": "sha1-NcGsDdGsDBXjXZgVCPwiCEoToBE="
        }
      }
    },
    "@antv/g": {
      "version": "2.0.6",
      "resolved": "https://registry.npmjs.org/@antv/g/-/g-2.0.6.tgz",
      "integrity": "sha512-nbVdtFccMGre9pfvbCzY70+FADRgxUk3GM4cpAfg2Fg47qA+I7FXKXLJoNedVBpNDRkz4gR6XPtsA10I5RWpPw==",
      "requires": {
        "d3-ease": "1.0.3",
        "d3-interpolate": "1.1.6",
        "d3-timer": "1.0.7",
        "gl-matrix": "2.3.2",
        "lodash": "4.17.5",
        "wolfy87-eventemitter": "5.1.0"
      },
      "dependencies": {
        "gl-matrix": {
          "version": "2.3.2",
          "resolved": "https://registry.npmjs.org/gl-matrix/-/gl-matrix-2.3.2.tgz",
          "integrity": "sha1-qsgIx0r31dsF/gTLYMoaD8sXTXQ="
        },
        "wolfy87-eventemitter": {
          "version": "5.1.0",
          "resolved": "https://registry.npmjs.org/wolfy87-eventemitter/-/wolfy87-eventemitter-5.1.0.tgz",
          "integrity": "sha1-NcGsDdGsDBXjXZgVCPwiCEoToBE="
        }
      }
    },
    "@antv/g2": {
      "version": "3.0.5-beta.1",
      "resolved": "https://registry.npmjs.org/@antv/g2/-/g2-3.0.5-beta.1.tgz",
      "integrity": "sha512-3WI0PO8MLoYx038jrKLqt6E/Ehre9XvI3v9JaiJNkgQfuQ8xgeljZDjp9x0O+of7MG7QH7gfV1h687poG3qC6A==",
      "requires": {
        "@antv/g": "2.0.6",
        "fecha": "2.3.3",
        "gl-matrix": "2.4.0",
        "lodash": "4.17.5",
        "wolfy87-eventemitter": "5.2.4"
      }
    },
    "@vx/bounds": {
      "version": "0.0.153",
      "resolved": "https://registry.npmjs.org/@vx/bounds/-/bounds-0.0.153.tgz",
      "integrity": "sha512-qqT/lrwBvrqwpupAKPky0AJcTaxqJ0o2/1Tpf6B/Zbx4p0SJQ5B1Rh2wvM6HXhxKnwsA0NsfM3TyMFpb4PwIkA==",
      "requires": {
        "prop-types": "15.6.0"
      }
    },
    "@vx/curve": {
      "version": "0.0.153",
      "resolved": "https://registry.npmjs.org/@vx/curve/-/curve-0.0.153.tgz",
      "integrity": "sha512-llaI1Lcbsj0cUHOiN1D5QJp4bDOqQl8+cymDkQvY8u/miaSJTB4H/PsSzOWVBKGHAkwiXmeS7ug837iXDIDhjA==",
      "requires": {
        "d3-shape": "1.2.0"
      }
    },
    "@vx/event": {
      "version": "0.0.153",
      "resolved": "https://registry.npmjs.org/@vx/event/-/event-0.0.153.tgz",
      "integrity": "sha512-s051IxGC7L0q2ADk4t6ZICV6crr66Q8H//12v58k5W3RoiXs8bLoCNvDkkFaF9sop3i5lPosPTfWWFH19r5mOg==",
      "requires": {
        "@vx/point": "0.0.153"
      }
    },
    "@vx/grid": {
      "version": "0.0.158",
      "resolved": "https://registry.npmjs.org/@vx/grid/-/grid-0.0.158.tgz",
      "integrity": "sha512-oPsg/AQOsjt4zKXEBa44HF+nXZBD+tzBEJqv9BgkZCeOUOVGgnYGI2UaWgXDNzccnVNG+1+IzufmrMr25tZ1LA==",
      "requires": {
        "@vx/group": "0.0.153",
        "@vx/point": "0.0.153",
        "@vx/shape": "0.0.158",
        "classnames": "2.2.5"
      }
    },
    "@vx/group": {
      "version": "0.0.153",
      "resolved": "https://registry.npmjs.org/@vx/group/-/group-0.0.153.tgz",
      "integrity": "sha512-9sNhTDo45qNw8aJSrHAvRoLxP9oR31brLCw0UG7OM8/eHCXSVfMbd6fXy6pd3e+XfA3MsmwUB4HLj1noTpa6dA==",
      "requires": {
        "classnames": "2.2.5"
      }
    },
    "@vx/mock-data": {
      "version": "0.0.153",
      "resolved": "https://registry.npmjs.org/@vx/mock-data/-/mock-data-0.0.153.tgz",
      "integrity": "sha512-/1PEU+fvQx2zaUCZCS0V1hFnUzN5UAK2ffEf5a4zpobreBgBYLIJPsRzmwmkxXhJWUS/8IodkBHsI0x6Rc5SsQ==",
      "requires": {
        "d3-random": "1.1.0"
      }
    },
    "@vx/point": {
      "version": "0.0.153",
      "resolved": "https://registry.npmjs.org/@vx/point/-/point-0.0.153.tgz",
      "integrity": "sha512-eAFFt25Wi+GAjHImLBop1oV7mXNE5mB/zi+OsQJxcRM1C5xc2TWs1OFUZpxuQ71DeGkUCIVM6YvAMD740MWniA=="
    },
    "@vx/scale": {
      "version": "0.0.153",
      "resolved": "https://registry.npmjs.org/@vx/scale/-/scale-0.0.153.tgz",
      "integrity": "sha512-QPTlGEDgPvYQLDt7p7glRpO5HCmvac5wlTybfCj0/bBpEdqppXoB3hi04ftuLDLyXjbsSnlMVLS6iMukZAPcGw==",
      "requires": {
        "d3-scale": "1.0.7"
      }
    },
    "@vx/shape": {
      "version": "0.0.158",
      "resolved": "https://registry.npmjs.org/@vx/shape/-/shape-0.0.158.tgz",
      "integrity": "sha512-xtoVTlUIbOckOrRnxDR7ViEcegQBDLVo+WaG/WDMe0RuHLT4TTheMAF8jyc2IgxRaPlrpCvau7ZgrQkmDOSiYg==",
      "requires": {
        "@vx/curve": "0.0.153",
        "@vx/group": "0.0.153",
        "@vx/point": "0.0.153",
        "classnames": "2.2.5",
        "d3-path": "1.0.5",
        "d3-shape": "1.2.0",
        "prop-types": "15.6.0"
      }
    },
    "@vx/tooltip": {
      "version": "0.0.158",
      "resolved": "https://registry.npmjs.org/@vx/tooltip/-/tooltip-0.0.158.tgz",
      "integrity": "sha512-puwXJSrmVFaUAo8qFxK9burCkRt01wq6wGsvX5N3NxzKzDCTxFarQbYqtbksxxKbYwHd5o3u7XRTTKHnzWl5cg==",
      "requires": {
        "@vx/bounds": "0.0.153",
        "classnames": "2.2.5",
        "prop-types": "15.6.0"
      }
    },
    "abs-svg-path": {
      "version": "0.1.1",
      "resolved": "https://registry.npmjs.org/abs-svg-path/-/abs-svg-path-0.1.1.tgz",
      "integrity": "sha1-32Acjo0roQ1KdtYl4japo5wnI78="
    },
    "asap": {
      "version": "2.0.6",
      "resolved": "https://registry.npmjs.org/asap/-/asap-2.0.6.tgz",
      "integrity": "sha1-5QNHYR1+aQlDIIu9r+vLwvuGbUY="
    },
    "bizcharts": {
      "version": "3.1.3-beta.2",
      "resolved": "https://registry.npmjs.org/bizcharts/-/bizcharts-3.1.3-beta.2.tgz",
      "integrity": "sha1-QyJrQQn+VmUyml8j7EQpF/CvtF0=",
      "requires": {
        "@antv/g2": "3.0.5-beta.1",
        "invariant": "2.2.3",
        "prop-types": "15.6.0",
        "warning": "3.0.0"
      }
    },
    "classnames": {
      "version": "2.2.5",
      "resolved": "https://registry.npmjs.org/classnames/-/classnames-2.2.5.tgz",
      "integrity": "sha1-+zgB1FNGdknvNgPH1hoCvRKb3m0="
    },
    "commander": {
      "version": "2.14.1",
      "resolved": "https://registry.npmjs.org/commander/-/commander-2.14.1.tgz",
      "integrity": "sha512-+YR16o3rK53SmWHU3rEM3tPAh2rwb1yPcQX5irVn7mb0gXbwuCCrnkbV5+PBfETdfg1vui07nM6PCG1zndcjQw=="
    },
    "core-js": {
      "version": "1.2.7",
      "resolved": "https://registry.npmjs.org/core-js/-/core-js-1.2.7.tgz",
      "integrity": "sha1-ZSKUwUZR2yj6k70tX/KYOk8IxjY="
    },
    "d3-array": {
      "version": "1.2.1",
      "resolved": "https://registry.npmjs.org/d3-array/-/d3-array-1.2.1.tgz",
      "integrity": "sha512-CyINJQ0SOUHojDdFDH4JEM0552vCR1utGyLHegJHyYH0JyCpSeTPxi4OBqHMA2jJZq4NH782LtaJWBImqI/HBw=="
    },
    "d3-collection": {
      "version": "1.0.4",
      "resolved": "https://registry.npmjs.org/d3-collection/-/d3-collection-1.0.4.tgz",
      "integrity": "sha1-NC39EoN8kJdPM/HMCnha6lcNzcI="
    },
    "d3-color": {
      "version": "1.0.3",
      "resolved": "https://registry.npmjs.org/d3-color/-/d3-color-1.0.3.tgz",
      "integrity": "sha1-vHZD/KjlOoNH4vva/6I2eWtYUJs="
    },
    "d3-composite-projections": {
      "version": "1.2.0",
      "resolved": "https://registry.npmjs.org/d3-composite-projections/-/d3-composite-projections-1.2.0.tgz",
      "integrity": "sha1-+g5vFELxfQRkOEOjqIPH2U4MJ8A=",
      "requires": {
        "d3-geo": "1.2.4",
        "d3-path": "1.0.5"
      },
      "dependencies": {
        "d3-geo": {
          "version": "1.2.4",
          "resolved": "https://registry.npmjs.org/d3-geo/-/d3-geo-1.2.4.tgz",
          "integrity": "sha1-0XnzuqduYj7x4Ng2k9twW3xZkAY=",
          "requires": {
            "d3-array": "1.2.1"
          }
        }
      }
    },
    "d3-dsv": {
      "version": "1.0.8",
      "resolved": "https://registry.npmjs.org/d3-dsv/-/d3-dsv-1.0.8.tgz",
      "integrity": "sha512-IVCJpQ+YGe3qu6odkPQI0KPqfxkhbP/oM1XhhE/DFiYmcXKfCRub4KXyiuehV1d4drjWVXHUWx4gHqhdZb6n/A==",
      "requires": {
        "commander": "2.14.1",
        "iconv-lite": "0.4.19",
        "rw": "1.3.3"
      }
    },
    "d3-ease": {
      "version": "1.0.3",
      "resolved": "https://registry.npmjs.org/d3-ease/-/d3-ease-1.0.3.tgz",
      "integrity": "sha1-aL+8NJM4o4DETYrMT7wzBKotjA4="
    },
    "d3-format": {
      "version": "1.2.2",
      "resolved": "https://registry.npmjs.org/d3-format/-/d3-format-1.2.2.tgz",
      "integrity": "sha512-zH9CfF/3C8zUI47nsiKfD0+AGDEuM8LwBIP7pBVpyR4l/sKkZqITmMtxRp04rwBrlshIZ17XeFAaovN3++wzkw=="
    },
    "d3-geo": {
      "version": "1.6.4",
      "resolved": "https://registry.npmjs.org/d3-geo/-/d3-geo-1.6.4.tgz",
      "integrity": "sha1-8g4eRhyxhF9ai+Vatvh2VCp+MZk=",
      "requires": {
        "d3-array": "1.2.1"
      }
    },
    "d3-geo-projection": {
      "version": "2.1.2",
      "resolved": "https://registry.npmjs.org/d3-geo-projection/-/d3-geo-projection-2.1.2.tgz",
      "integrity": "sha1-ffjh6dBG1jHGUJ9+UxNX1K3CSqM=",
      "requires": {
        "commander": "2.14.1",
        "d3-array": "1.2.1",
        "d3-geo": "1.6.4"
      }
    },
    "d3-hexjson": {
      "version": "1.0.1",
      "resolved": "https://registry.npmjs.org/d3-hexjson/-/d3-hexjson-1.0.1.tgz",
      "integrity": "sha512-TeH4T0PSbDazMm3gHgc4ulO0PfrZpz0Uk3y5tCGz+NgC7HnX7KBdem7uAN+j9x3ZshTh7raN3V/bFhaLB2C8DA==",
      "requires": {
        "d3-array": "1.2.1"
      }
    },
    "d3-hierarchy": {
      "version": "1.1.5",
      "resolved": "https://registry.npmjs.org/d3-hierarchy/-/d3-hierarchy-1.1.5.tgz",
      "integrity": "sha1-ochFxC+Eoga88cAcAQmOpN2qeiY="
    },
    "d3-interpolate": {
      "version": "1.1.6",
      "resolved": "https://registry.npmjs.org/d3-interpolate/-/d3-interpolate-1.1.6.tgz",
      "integrity": "sha512-mOnv5a+pZzkNIHtw/V6I+w9Lqm9L5bG3OTXPM5A+QO0yyVMQ4W1uZhR+VOJmazaOZXri2ppbiZ5BUNWT0pFM9A==",
      "requires": {
        "d3-color": "1.0.3"
      }
    },
    "d3-path": {
      "version": "1.0.5",
      "resolved": "https://registry.npmjs.org/d3-path/-/d3-path-1.0.5.tgz",
      "integrity": "sha1-JB6xhJvZ6egCHA0KeZ+KDo5EF2Q="
    },
    "d3-random": {
      "version": "1.1.0",
      "resolved": "https://registry.npmjs.org/d3-random/-/d3-random-1.1.0.tgz",
      "integrity": "sha1-ZkLlBsb6OmSFldKyRpeIqNElKdM="
    },
    "d3-sankey": {
      "version": "0.7.1",
      "resolved": "https://registry.npmjs.org/d3-sankey/-/d3-sankey-0.7.1.tgz",
      "integrity": "sha1-0imDImj8aaf+yEgD6WwiVqYUxSE=",
      "requires": {
        "d3-array": "1.2.1",
        "d3-collection": "1.0.4",
        "d3-shape": "1.2.0"
      }
    },
    "d3-scale": {
      "version": "1.0.7",
      "resolved": "https://registry.npmjs.org/d3-scale/-/d3-scale-1.0.7.tgz",
      "integrity": "sha512-KvU92czp2/qse5tUfGms6Kjig0AhHOwkzXG0+PqIJB3ke0WUv088AHMZI0OssO9NCkXt4RP8yju9rpH8aGB7Lw==",
      "requires": {
        "d3-array": "1.2.1",
        "d3-collection": "1.0.4",
        "d3-color": "1.0.3",
        "d3-format": "1.2.2",
        "d3-interpolate": "1.1.6",
        "d3-time": "1.0.8",
        "d3-time-format": "2.1.1"
      }
    },
    "d3-shape": {
      "version": "1.2.0",
      "resolved": "https://registry.npmjs.org/d3-shape/-/d3-shape-1.2.0.tgz",
      "integrity": "sha1-RdAVOPBkuv0F6j1tLLdI/YxB93c=",
      "requires": {
        "d3-path": "1.0.5"
      }
    },
    "d3-time": {
      "version": "1.0.8",
      "resolved": "https://registry.npmjs.org/d3-time/-/d3-time-1.0.8.tgz",
      "integrity": "sha512-YRZkNhphZh3KcnBfitvF3c6E0JOFGikHZ4YqD+Lzv83ZHn1/u6yGenRU1m+KAk9J1GnZMnKcrtfvSktlA1DXNQ=="
    },
    "d3-time-format": {
      "version": "2.1.1",
      "resolved": "https://registry.npmjs.org/d3-time-format/-/d3-time-format-2.1.1.tgz",
      "integrity": "sha512-8kAkymq2WMfzW7e+s/IUNAtN/y3gZXGRrdGfo6R8NKPAA85UBTxZg5E61bR6nLwjPjj4d3zywSQe1CkYLPFyrw==",
      "requires": {
        "d3-time": "1.0.8"
      }
    },
    "d3-timer": {
      "version": "1.0.7",
      "resolved": "https://registry.npmjs.org/d3-timer/-/d3-timer-1.0.7.tgz",
      "integrity": "sha512-vMZXR88XujmG/L5oB96NNKH5lCWwiLM/S2HyyAQLcjWJCloK5shxta4CwOFYLZoY3AWX73v8Lgv4cCAdWtRmOA=="
    },
    "d3-voronoi": {
      "version": "1.1.2",
      "resolved": "https://registry.npmjs.org/d3-voronoi/-/d3-voronoi-1.1.2.tgz",
      "integrity": "sha1-Fodmfo8TotFYyAwUgMWinLDYlzw="
    },
    "encoding": {
      "version": "0.1.12",
      "resolved": "https://registry.npmjs.org/encoding/-/encoding-0.1.12.tgz",
      "integrity": "sha1-U4tm8+5izRq1HsMjgp0flIDHS+s=",
      "requires": {
        "iconv-lite": "0.4.19"
      }
    },
    "fbjs": {
      "version": "0.8.16",
      "resolved": "https://registry.npmjs.org/fbjs/-/fbjs-0.8.16.tgz",
      "integrity": "sha1-XmdDL1UNxBtXK/VYR7ispk5TN9s=",
      "requires": {
        "core-js": "1.2.7",
        "isomorphic-fetch": "2.2.1",
        "loose-envify": "1.3.1",
        "object-assign": "4.1.1",
        "promise": "7.3.1",
        "setimmediate": "1.0.5",
        "ua-parser-js": "0.7.17"
      },
      "dependencies": {
        "object-assign": {
          "version": "4.1.1",
          "resolved": "https://registry.npmjs.org/object-assign/-/object-assign-4.1.1.tgz",
          "integrity": "sha1-IQmtx5ZYh8/AXLvUQsrIv7s2CGM="
        },
        "promise": {
          "version": "7.3.1",
          "resolved": "https://registry.npmjs.org/promise/-/promise-7.3.1.tgz",
          "integrity": "sha512-nolQXZ/4L+bP/UGlkfaIujX9BKxGwmQ9OT4mOt5yvy8iK1h3wqTEJCijzGANTCCl9nWjY41juyAn2K3Q1hLLTg==",
          "requires": {
            "asap": "2.0.6"
          }
        }
      }
    },
    "fecha": {
      "version": "2.3.3",
      "resolved": "https://registry.npmjs.org/fecha/-/fecha-2.3.3.tgz",
      "integrity": "sha512-lUGBnIamTAwk4znq5BcqsDaxSmZ9nDVJaij6NvRt/Tg4R69gERA+otPKbS86ROw9nxVMw2/mp1fnaiWqbs6Sdg=="
    },
    "gl-matrix": {
      "version": "2.4.0",
      "resolved": "https://registry.npmjs.org/gl-matrix/-/gl-matrix-2.4.0.tgz",
      "integrity": "sha1-IImxMwGinuyCLZ2Z3/wfeO6aPFA="
    },
    "iconv-lite": {
      "version": "0.4.19",
      "resolved": "https://registry.npmjs.org/iconv-lite/-/iconv-lite-0.4.19.tgz",
      "integrity": "sha512-oTZqweIP51xaGPI4uPa56/Pri/480R+mo7SeU+YETByQNhDG55ycFyNLIgta9vXhILrxXDmF7ZGhqZIcuN0gJQ=="
    },
    "invariant": {
      "version": "2.2.3",
      "resolved": "https://registry.npmjs.org/invariant/-/invariant-2.2.3.tgz",
      "integrity": "sha512-7Z5PPegwDTyjbaeCnV0efcyS6vdKAU51kpEmS7QFib3P4822l8ICYyMn7qvJnc+WzLoDsuI9gPMKbJ8pCu8XtA==",
      "requires": {
        "loose-envify": "1.3.1"
      }
    },
    "is-stream": {
      "version": "1.1.0",
      "resolved": "https://registry.npmjs.org/is-stream/-/is-stream-1.1.0.tgz",
      "integrity": "sha1-EtSj3U5o4Lec6428hBc66A2RykQ="
    },
    "isarray": {
      "version": "0.0.1",
      "resolved": "https://registry.npmjs.org/isarray/-/isarray-0.0.1.tgz",
      "integrity": "sha1-ihis/Kmo9Bd+Cav8YDiTmwXR7t8="
    },
    "isomorphic-fetch": {
      "version": "2.2.1",
      "resolved": "https://registry.npmjs.org/isomorphic-fetch/-/isomorphic-fetch-2.2.1.tgz",
      "integrity": "sha1-YRrhrPFPXoH3KVB0coGf6XM1WKk=",
      "requires": {
        "node-fetch": "1.7.3",
        "whatwg-fetch": "2.0.3"
      },
      "dependencies": {
        "whatwg-fetch": {
          "version": "2.0.3",
          "resolved": "https://registry.npmjs.org/whatwg-fetch/-/whatwg-fetch-2.0.3.tgz",
          "integrity": "sha1-nITsLc9oGH/wC8ZOEnS0QhduHIQ="
        }
      }
    },
    "js-tokens": {
      "version": "3.0.2",
      "resolved": "https://registry.npmjs.org/js-tokens/-/js-tokens-3.0.2.tgz",
      "integrity": "sha1-mGbfOVECEw449/mWvOtlRDIJwls="
    },
    "lodash": {
      "version": "4.17.5",
      "resolved": "https://registry.npmjs.org/lodash/-/lodash-4.17.5.tgz",
      "integrity": "sha512-svL3uiZf1RwhH+cWrfZn3A4+U58wbP0tGVTLQPbjplZxZ8ROD9VLuNgsRniTlLe7OlSqR79RUehXgpBW/s0IQw=="
    },
    "loose-envify": {
      "version": "1.3.1",
      "resolved": "https://registry.npmjs.org/loose-envify/-/loose-envify-1.3.1.tgz",
      "integrity": "sha1-0aitM/qc4OcT1l/dCsi3SNR4yEg=",
      "requires": {
        "js-tokens": "3.0.2"
      }
    },
    "node-fetch": {
      "version": "1.7.3",
      "resolved": "https://registry.npmjs.org/node-fetch/-/node-fetch-1.7.3.tgz",
      "integrity": "sha512-NhZ4CsKx7cYm2vSrBAr2PvFOe6sWDf0UYLRqA6svUYg7+/TSfVAu49jYC4BvQ4Sms9SZgdqGBgroqfDhJdTyKQ==",
      "requires": {
        "encoding": "0.1.12",
        "is-stream": "1.1.0"
      }
    },
    "parse-svg-path": {
      "version": "0.1.2",
      "resolved": "https://registry.npmjs.org/parse-svg-path/-/parse-svg-path-0.1.2.tgz",
      "integrity": "sha1-en7A0esG+lMlx9PgCbhZoJtdSes="
    },
    "point-at-length": {
      "version": "1.0.2",
      "resolved": "https://registry.npmjs.org/point-at-length/-/point-at-length-1.0.2.tgz",
      "integrity": "sha1-kXbY1tfIFi8Stkb3B9ufDqcoEl4=",
      "requires": {
        "abs-svg-path": "0.1.1",
        "isarray": "0.0.1",
        "parse-svg-path": "0.1.2"
      }
    },
    "prop-types": {
      "version": "15.6.0",
      "resolved": "https://registry.npmjs.org/prop-types/-/prop-types-15.6.0.tgz",
      "integrity": "sha1-zq8IMCL8RrSjX2nhPvda7Q1jmFY=",
      "requires": {
        "fbjs": "0.8.16",
        "loose-envify": "1.3.1",
        "object-assign": "4.1.1"
      },
      "dependencies": {
        "object-assign": {
          "version": "4.1.1",
          "resolved": "https://registry.npmjs.org/object-assign/-/object-assign-4.1.1.tgz",
          "integrity": "sha1-IQmtx5ZYh8/AXLvUQsrIv7s2CGM="
        }
      }
    },
    "regression": {
      "version": "2.0.1",
      "resolved": "https://registry.npmjs.org/regression/-/regression-2.0.1.tgz",
      "integrity": "sha1-jSnD6CJKEIUMNeM36FqLL6w7DIc="
    },
    "rw": {
      "version": "1.3.3",
      "resolved": "https://registry.npmjs.org/rw/-/rw-1.3.3.tgz",
      "integrity": "sha1-P4Yt+pGrdmsUiF700BEkv9oHT7Q="
    },
    "setimmediate": {
      "version": "1.0.5",
      "resolved": "https://registry.npmjs.org/setimmediate/-/setimmediate-1.0.5.tgz",
      "integrity": "sha1-KQy7Iy4waULX1+qbg3Mqt4VvgoU="
    },
    "simple-statistics": {
      "version": "4.1.1",
      "resolved": "https://registry.npmjs.org/simple-statistics/-/simple-statistics-4.1.1.tgz",
      "integrity": "sha1-UzxI1IM2uj01DYE18g+nE4rLDH0="
    },
    "topojson-client": {
      "version": "3.0.0",
      "resolved": "https://registry.npmjs.org/topojson-client/-/topojson-client-3.0.0.tgz",
      "integrity": "sha1-H5kpOnfvQqRI0DKoGqmCtz82DS8=",
      "requires": {
        "commander": "2.14.1"
      }
    },
    "ua-parser-js": {
      "version": "0.7.17",
      "resolved": "https://registry.npmjs.org/ua-parser-js/-/ua-parser-js-0.7.17.tgz",
      "integrity": "sha512-uRdSdu1oA1rncCQL7sCj8vSyZkgtL7faaw9Tc9rZ3mGgraQ7+Pdx7w5mnOSF3gw9ZNG6oc+KXfkon3bKuROm0g=="
    },
    "warning": {
      "version": "3.0.0",
      "resolved": "https://registry.npmjs.org/warning/-/warning-3.0.0.tgz",
      "integrity": "sha1-MuU3fLVy3kqwR1O9+IIcAe1gW3w=",
      "requires": {
        "loose-envify": "1.3.1"
      }
    },
    "wolfy87-eventemitter": {
      "version": "5.2.4",
      "resolved": "https://registry.npmjs.org/wolfy87-eventemitter/-/wolfy87-eventemitter-5.2.4.tgz",
      "integrity": "sha512-yUOUSIzZxqBeu6VdnigqYHwwjy5N3CRX5XSHh/YcVpy+Qsx+HkHaEWdmdyAr3NvyBYDraOa5EfNIbu47T5QzIA=="
    }
  }
}
